dependencies:
  esp_lcd_touch:
    component_hash: null
    source:
      path: /Users/brettlevy/Downloads/halo/FLY-Halo/Halo-demo/components/esp_lcd_touch
      type: local
    version: 1.0.4
  idf:
    component_hash: null
    source:
      type: idf
    version: 5.2.1
manifest_hash: 60f7ba079e52bd7f48fedf35e6bc084d4b959a8ee1f9ca935aec9894cd255001
target: esp32
version: 1.0.0
